
Microsoft Visual Studio Solution File, Format Version 12.00
# Visual Studio Version 17
VisualStudioVersion = 17.5.33502.453
MinimumVisualStudioVersion = 10.0.40219.1
Project("{9A19103F-16F7-4668-BE54-9A1E7A4F7556}") = "DG.Color", "DG.Color\DG.Color.csproj", "{6B0A4893-D274-4B44-9F97-7E86C266F505}"
EndProject
Project("{FAE04EC0-301F-11D3-BF4B-00C04F79EFBC}") = "DG.Color.Tests", "DG.Color.Tests\DG.Color.Tests.csproj", "{274FB909-3CC2-4A64-A1C6-F747BBA97C90}"
EndProject
Global
	GlobalSection(SolutionConfigurationPlatforms) = preSolution
		Debug|Any CPU = Debug|Any CPU
		Release|Any CPU = Release|Any CPU
	EndGlobalSection
	GlobalSection(ProjectConfigurationPlatforms) = postSolution
		{6B0A4893-D274-4B44-9F97-7E86C266F505}.Debug|Any CPU.ActiveCfg = Debug|Any CPU
		{6B0A4893-D274-4B44-9F97-7E86C266F505}.Debug|Any CPU.Build.0 = Debug|Any CPU
		{6B0A4893-D274-4B44-9F97-7E86C266F505}.Release|Any CPU.ActiveCfg = Release|Any CPU
		{6B0A4893-D274-4B44-9F97-7E86C266F505}.Release|Any CPU.Build.0 = Release|Any CPU
		{274FB909-3CC2-4A64-A1C6-F747BBA97C90}.Debug|Any CPU.ActiveCfg = Debug|Any CPU
		{274FB909-3CC2-4A64-A1C6-F747BBA97C90}.Debug|Any CPU.Build.0 = Debug|Any CPU
		{274FB909-3CC2-4A64-A1C6-F747BBA97C90}.Release|Any CPU.ActiveCfg = Release|Any CPU
		{274FB909-3CC2-4A64-A1C6-F747BBA97C90}.Release|Any CPU.Build.0 = Release|Any CPU
	EndGlobalSection
	GlobalSection(SolutionProperties) = preSolution
		HideSolutionNode = FALSE
	EndGlobalSection
	GlobalSection(ExtensibilityGlobals) = postSolution
		SolutionGuid = {DF2027AA-F5FC-4366-8F89-776F44EC44E8}
	EndGlobalSection
EndGlobal
